hash: cf0f7713fbeef767134ff6e97f8215ac282b160e7107b7e75ed214028b8d84e4
updated: 2017-12-10T20:03:14.023914-08:00
imports:
- name: github.com/danielparks/lockfile
  version: 6452ff27e1aac770dc15e5822aa6e12596cca7fe
- name: golang.org/x/sys
  version: b8f5ef32195cae6470b728e8ca677f0dbed1a004
  subpackages:
  - unix
testImports: []
